
Microsoft Visual Studio Solution File, Format Version 12.00
# Visual Studio Version 17
VisualStudioVersion = 17.5.33424.131
MinimumVisualStudioVersion = 10.0.40219.1
Project("{FAE04EC0-301F-11D3-BF4B-00C04F79EFBC}") = "Billycock_MS_Reusable", "Billycock_MS_Reusable.csproj", "{4E28D115-E869-4E66-8BF8-C5E6C957DB1B}"
EndProject
Global
	GlobalSection(SolutionConfigurationPlatforms) = preSolution
		Debug|Any CPU = Debug|Any CPU
		Release|Any CPU = Release|Any CPU
	EndGlobalSection
	GlobalSection(ProjectConfigurationPlatforms) = postSolution
		{4E28D115-E869-4E66-8BF8-C5E6C957DB1B}.Debug|Any CPU.ActiveCfg = Debug|Any CPU
		{4E28D115-E869-4E66-8BF8-C5E6C957DB1B}.Debug|Any CPU.Build.0 = Debug|Any CPU
		{4E28D115-E869-4E66-8BF8-C5E6C957DB1B}.Release|Any CPU.ActiveCfg = Release|Any CPU
		{4E28D115-E869-4E66-8BF8-C5E6C957DB1B}.Release|Any CPU.Build.0 = Release|Any CPU
	EndGlobalSection
	GlobalSection(SolutionProperties) = preSolution
		HideSolutionNode = FALSE
	EndGlobalSection
	GlobalSection(ExtensibilityGlobals) = postSolution
		SolutionGuid = {46FF89B9-1B2E-455E-9FE8-D006A1A51A08}
	EndGlobalSection
EndGlobal
